
Microsoft Visual Studio Solution File, Format Version 12.00
# Visual Studio Version 17
VisualStudioVersion = 17.0.31903.59
MinimumVisualStudioVersion = 10.0.40219.1
Project("{2150E333-8FDC-42A3-9474-1A3956D46DE8}") = "src", "src", "{73FD225C-A095-41B3-BE18-C0AFA09D3FB2}"
EndProject
Project("{FAE04EC0-301F-11D3-BF4B-00C04F79EFBC}") = "AsteroidsEngine", "src\Engine\AsteroidsEngine.csproj", "{FA488127-A4FC-481B-85F5-5D02932EBE1D}"
EndProject
Project("{FAE04EC0-301F-11D3-BF4B-00C04F79EFBC}") = "GameConfig", "src\GameConfig\GameConfig.csproj", "{3A32DC35-49EE-417C-BB9E-74C1C52C74FF}"
EndProject
Project("{FAE04EC0-301F-11D3-BF4B-00C04F79EFBC}") = "AsteroidsGameplay", "src\Gameplay\AsteroidsGameplay.csproj", "{5F228CC3-CE1D-4F83-A37B-935FD8B14F18}"
EndProject
Project("{FAE04EC0-301F-11D3-BF4B-00C04F79EFBC}") = "AsteroidsGameCore", "src\GameCore\AsteroidsGameCore.csproj", "{8194FDCA-FD74-4F92-854B-B1CEDA8FAED1}"
EndProject
Project("{FAE04EC0-301F-11D3-BF4B-00C04F79EFBC}") = "Engine.Platform.Sdl", "src\Platform.Sdl\Engine.Platform.Sdl.csproj", "{BC11DA51-1D20-4719-8259-3030EF8A537A}"
EndProject
Project("{2150E333-8FDC-42A3-9474-1A3956D46DE8}") = "apps", "apps", "{8ED7BB9B-5735-42E2-AA3D-7A134BDA1002}"
EndProject
Project("{FAE04EC0-301F-11D3-BF4B-00C04F79EFBC}") = "AsteroidsGame", "apps\Game.Sdl\AsteroidsGame.csproj", "{ADE8F758-2E79-4577-8525-0F0A77AB1CF7}"
EndProject
Project("{2150E333-8FDC-42A3-9474-1A3956D46DE8}") = "tools", "tools", "{A25733A3-4D72-43A4-839D-CE9702E92C39}"
EndProject
Project("{FAE04EC0-301F-11D3-BF4B-00C04F79EFBC}") = "AsteroidDemo", "tools\Editor\AsteroidDemo.csproj", "{DA38569C-0DFF-4B7B-A1EA-9C12B0460EC4}"
EndProject
Project("{FAE04EC0-301F-11D3-BF4B-00C04F79EFBC}") = "Engine.Platform.Skia", "src\Platform.Skia\Engine.Platform.Skia.csproj", "{D5DF8477-7EA4-46D9-9900-C0109F368D36}"
EndProject
Global
	GlobalSection(SolutionConfigurationPlatforms) = preSolution
		Debug|Any CPU = Debug|Any CPU
		Release|Any CPU = Release|Any CPU
	EndGlobalSection
	GlobalSection(SolutionProperties) = preSolution
		HideSolutionNode = FALSE
	EndGlobalSection
	GlobalSection(ProjectConfigurationPlatforms) = postSolution
		{FA488127-A4FC-481B-85F5-5D02932EBE1D}.Debug|Any CPU.ActiveCfg = Debug|Any CPU
		{FA488127-A4FC-481B-85F5-5D02932EBE1D}.Debug|Any CPU.Build.0 = Debug|Any CPU
		{FA488127-A4FC-481B-85F5-5D02932EBE1D}.Release|Any CPU.ActiveCfg = Release|Any CPU
		{FA488127-A4FC-481B-85F5-5D02932EBE1D}.Release|Any CPU.Build.0 = Release|Any CPU
		{3A32DC35-49EE-417C-BB9E-74C1C52C74FF}.Debug|Any CPU.ActiveCfg = Debug|Any CPU
		{3A32DC35-49EE-417C-BB9E-74C1C52C74FF}.Debug|Any CPU.Build.0 = Debug|Any CPU
		{3A32DC35-49EE-417C-BB9E-74C1C52C74FF}.Release|Any CPU.ActiveCfg = Release|Any CPU
		{3A32DC35-49EE-417C-BB9E-74C1C52C74FF}.Release|Any CPU.Build.0 = Release|Any CPU
		{5F228CC3-CE1D-4F83-A37B-935FD8B14F18}.Debug|Any CPU.ActiveCfg = Debug|Any CPU
		{5F228CC3-CE1D-4F83-A37B-935FD8B14F18}.Debug|Any CPU.Build.0 = Debug|Any CPU
		{5F228CC3-CE1D-4F83-A37B-935FD8B14F18}.Release|Any CPU.ActiveCfg = Release|Any CPU
		{5F228CC3-CE1D-4F83-A37B-935FD8B14F18}.Release|Any CPU.Build.0 = Release|Any CPU
		{8194FDCA-FD74-4F92-854B-B1CEDA8FAED1}.Debug|Any CPU.ActiveCfg = Debug|Any CPU
		{8194FDCA-FD74-4F92-854B-B1CEDA8FAED1}.Debug|Any CPU.Build.0 = Debug|Any CPU
		{8194FDCA-FD74-4F92-854B-B1CEDA8FAED1}.Release|Any CPU.ActiveCfg = Release|Any CPU
		{8194FDCA-FD74-4F92-854B-B1CEDA8FAED1}.Release|Any CPU.Build.0 = Release|Any CPU
		{BC11DA51-1D20-4719-8259-3030EF8A537A}.Debug|Any CPU.ActiveCfg = Debug|Any CPU
		{BC11DA51-1D20-4719-8259-3030EF8A537A}.Debug|Any CPU.Build.0 = Debug|Any CPU
		{BC11DA51-1D20-4719-8259-3030EF8A537A}.Release|Any CPU.ActiveCfg = Release|Any CPU
		{BC11DA51-1D20-4719-8259-3030EF8A537A}.Release|Any CPU.Build.0 = Release|Any CPU
		{ADE8F758-2E79-4577-8525-0F0A77AB1CF7}.Debug|Any CPU.ActiveCfg = Debug|Any CPU
		{ADE8F758-2E79-4577-8525-0F0A77AB1CF7}.Debug|Any CPU.Build.0 = Debug|Any CPU
		{ADE8F758-2E79-4577-8525-0F0A77AB1CF7}.Release|Any CPU.ActiveCfg = Release|Any CPU
		{ADE8F758-2E79-4577-8525-0F0A77AB1CF7}.Release|Any CPU.Build.0 = Release|Any CPU
		{DA38569C-0DFF-4B7B-A1EA-9C12B0460EC4}.Debug|Any CPU.ActiveCfg = Debug|Any CPU
		{DA38569C-0DFF-4B7B-A1EA-9C12B0460EC4}.Debug|Any CPU.Build.0 = Debug|Any CPU
		{DA38569C-0DFF-4B7B-A1EA-9C12B0460EC4}.Release|Any CPU.ActiveCfg = Release|Any CPU
		{DA38569C-0DFF-4B7B-A1EA-9C12B0460EC4}.Release|Any CPU.Build.0 = Release|Any CPU
		{D5DF8477-7EA4-46D9-9900-C0109F368D36}.Debug|Any CPU.ActiveCfg = Debug|Any CPU
		{D5DF8477-7EA4-46D9-9900-C0109F368D36}.Debug|Any CPU.Build.0 = Debug|Any CPU
		{D5DF8477-7EA4-46D9-9900-C0109F368D36}.Release|Any CPU.ActiveCfg = Release|Any CPU
		{D5DF8477-7EA4-46D9-9900-C0109F368D36}.Release|Any CPU.Build.0 = Release|Any CPU
	EndGlobalSection
	GlobalSection(NestedProjects) = preSolution
		{FA488127-A4FC-481B-85F5-5D02932EBE1D} = {73FD225C-A095-41B3-BE18-C0AFA09D3FB2}
		{3A32DC35-49EE-417C-BB9E-74C1C52C74FF} = {73FD225C-A095-41B3-BE18-C0AFA09D3FB2}
		{5F228CC3-CE1D-4F83-A37B-935FD8B14F18} = {73FD225C-A095-41B3-BE18-C0AFA09D3FB2}
		{8194FDCA-FD74-4F92-854B-B1CEDA8FAED1} = {73FD225C-A095-41B3-BE18-C0AFA09D3FB2}
		{BC11DA51-1D20-4719-8259-3030EF8A537A} = {73FD225C-A095-41B3-BE18-C0AFA09D3FB2}
		{ADE8F758-2E79-4577-8525-0F0A77AB1CF7} = {8ED7BB9B-5735-42E2-AA3D-7A134BDA1002}
		{DA38569C-0DFF-4B7B-A1EA-9C12B0460EC4} = {A25733A3-4D72-43A4-839D-CE9702E92C39}
		{D5DF8477-7EA4-46D9-9900-C0109F368D36} = {73FD225C-A095-41B3-BE18-C0AFA09D3FB2}
	EndGlobalSection
EndGlobal
